{
    "_readme": [
        "This file locks the dependencies of your project to a known state",
        "Read more about it at https://getcomposer.org/doc/01-basic-usage.md#composer-lock-the-lock-file",
        "This file is @generated automatically"
    ],
    "hash": "3ef1e10e439bf37a7ec7e3a0ca3c83b4",
    "packages": [
        {
            "name": "fkooman/json",
            "version": "1.0.0",
            "source": {
                "type": "git",
                "url": "https://github.com/fkooman/php-lib-json.git",
                "reference": "f24b7ee1890b29358402defcd9581a4e969e40d7"
            },
            "dist": {
                "type": "zip",
                "url": "https://api.github.com/repos/fkooman/php-lib-json/zipball/f24b7ee1890b29358402defcd9581a4e969e40d7",
                "reference": "f24b7ee1890b29358402defcd9581a4e969e40d7",
                "shasum": ""
            },
            "require": {
                "ext-json": "*",
                "ext-spl": "*",
                "php": ">=5.3.3"
            },
            "type": "library",
            "autoload": {
                "psr-0": {
                    "fkooman\\Json\\": "src/"
                }
            },
            "notification-url": "https://packagist.org/downloads/",
            "license": [
                "Apache-2.0"
            ],
            "authors": [
                {
                    "name": "François Kooman",
                    "email": "fkooman@tuxed.net",
                    "role": "Developer"
                }
            ],
            "description": "PHP library to encode and decode JSON",
            "time": "2015-07-13 11:58:01"
        },
        {
            "name": "fkooman/rest",
            "version": "1.0.0",
            "source": {
                "type": "git",
                "url": "https://github.com/fkooman/php-lib-rest.git",
                "reference": "e4fa99403d4c43cfb7f737f0f91c1c00dc81c34b"
            },
            "dist": {
                "type": "zip",
                "url": "https://api.github.com/repos/fkooman/php-lib-rest/zipball/e4fa99403d4c43cfb7f737f0f91c1c00dc81c34b",
                "reference": "e4fa99403d4c43cfb7f737f0f91c1c00dc81c34b",
                "shasum": ""
            },
            "require": {
                "ext-mbstring": "*",
                "ext-pcre": "*",
                "ext-session": "*",
                "ext-spl": "*",
                "fkooman/json": "^1.0.0",
                "php": ">=5.3.3"
            },
            "suggest": {
                "fkooman/rest-plugin-authentication": "Authentication plugin"
            },
            "type": "library",
            "autoload": {
                "psr-0": {
                    "fkooman\\Http\\": "src/",
                    "fkooman\\Rest\\": "src/"
                }
            },
            "notification-url": "https://packagist.org/downloads/",
            "license": [
                "Apache-2.0"
            ],
            "authors": [
                {
                    "name": "François Kooman",
                    "email": "fkooman@tuxed.net",
                    "role": "Developer"
                }
            ],
            "description": "Simple PHP library for writing REST services.",
            "time": "2015-07-20 09:13:02"
        },
        {
            "name": "fkooman/rest-plugin-authentication",
            "version": "1.0.0",
            "source": {
                "type": "git",
                "url": "https://github.com/fkooman/php-lib-rest-plugin-authentication.git",
                "reference": "6a711f23add7c9cc35d04e223305633a5d7d38e2"
            },
            "dist": {
                "type": "zip",
                "url": "https://api.github.com/repos/fkooman/php-lib-rest-plugin-authentication/zipball/6a711f23add7c9cc35d04e223305633a5d7d38e2",
                "reference": "6a711f23add7c9cc35d04e223305633a5d7d38e2",
                "shasum": ""
            },
            "require": {
                "ext-spl": "*",
                "fkooman/rest": "^1.0.0",
                "php": ">=5.4"
            },
            "suggest": {
                "fkooman/rest-plugin-authentication-basic": "Basic Authentication plugin",
                "fkooman/rest-plugin-authentication-bearer": "Bearer (OAuth) Authentication plugin",
                "fkooman/rest-plugin-authentication-indieauth": "IndieAuth Authentication plugin",
                "fkooman/rest-plugin-authentication-mellon": "Mellon (SAML) Authentication plugin",
                "fkooman/rest-plugin-authentication-tls": "TLS Client Certificate Authentication plugin"
            },
            "type": "library",
            "autoload": {
                "psr-0": {
                    "fkooman\\Rest\\Plugin\\Authentication\\": "src/"
                }
            },
            "notification-url": "https://packagist.org/downloads/",
            "license": [
                "Apache-2.0"
            ],
            "authors": [
                {
                    "name": "François Kooman",
                    "email": "fkooman@tuxed.net",
                    "role": "Developer"
                }
            ],
            "description": "Authentication plugin for fkooman/rest",
            "time": "2015-07-20 13:04:00"
        }
    ],
    "packages-dev": [],
    "aliases": [],
    "minimum-stability": "stable",
    "stability-flags": [],
    "prefer-stable": false,
    "prefer-lowest": false,
    "platform": {
        "php": ">=5.4"
    },
    "platform-dev": []
}
